
Microsoft Visual Studio Solution File, Format Version 12.00
# Visual Studio Version 16
VisualStudioVersion = 16.0.30907.101
MinimumVisualStudioVersion = 10.0.40219.1
Project("{8BC9CEB8-8B4A-11D0-8D11-00A0C91BC942}") = "22_Task2_registry", "22_Task2_registry\22_Task2_registry.vcxproj", "{C7F25C92-CCF9-4761-AFA6-55D6DB2B638D}"
EndProject
Global
	GlobalSection(SolutionConfigurationPlatforms) = preSolution
		Debug|x64 = Debug|x64
		Debug|x86 = Debug|x86
		Release|x64 = Release|x64
		Release|x86 = Release|x86
	EndGlobalSection
	GlobalSection(ProjectConfigurationPlatforms) = postSolution
		{C7F25C92-CCF9-4761-AFA6-55D6DB2B638D}.Debug|x64.ActiveCfg = Debug|x64
		{C7F25C92-CCF9-4761-AFA6-55D6DB2B638D}.Debug|x64.Build.0 = Debug|x64
		{C7F25C92-CCF9-4761-AFA6-55D6DB2B638D}.Debug|x86.ActiveCfg = Debug|Win32
		{C7F25C92-CCF9-4761-AFA6-55D6DB2B638D}.Debug|x86.Build.0 = Debug|Win32
		{C7F25C92-CCF9-4761-AFA6-55D6DB2B638D}.Release|x64.ActiveCfg = Release|x64
		{C7F25C92-CCF9-4761-AFA6-55D6DB2B638D}.Release|x64.Build.0 = Release|x64
		{C7F25C92-CCF9-4761-AFA6-55D6DB2B638D}.Release|x86.ActiveCfg = Release|Win32
		{C7F25C92-CCF9-4761-AFA6-55D6DB2B638D}.Release|x86.Build.0 = Release|Win32
	EndGlobalSection
	GlobalSection(SolutionProperties) = preSolution
		HideSolutionNode = FALSE
	EndGlobalSection
	GlobalSection(ExtensibilityGlobals) = postSolution
		SolutionGuid = {5FB076AC-0F00-4196-8075-48C92BA29A7A}
	EndGlobalSection
EndGlobal
