
Microsoft Visual Studio Solution File, Format Version 12.00
# Visual Studio Version 16
VisualStudioVersion = 16.0.30907.101
MinimumVisualStudioVersion = 10.0.40219.1
Project("{8BC9CEB8-8B4A-11D0-8D11-00A0C91BC942}") = "20_Task1", "20_Task1\20_Task1.vcxproj", "{C4C28B82-7AA9-4350-9517-44D52A009490}"
EndProject
Global
	GlobalSection(SolutionConfigurationPlatforms) = preSolution
		Debug|x64 = Debug|x64
		Debug|x86 = Debug|x86
		Release|x64 = Release|x64
		Release|x86 = Release|x86
	EndGlobalSection
	GlobalSection(ProjectConfigurationPlatforms) = postSolution
		{C4C28B82-7AA9-4350-9517-44D52A009490}.Debug|x64.ActiveCfg = Debug|x64
		{C4C28B82-7AA9-4350-9517-44D52A009490}.Debug|x64.Build.0 = Debug|x64
		{C4C28B82-7AA9-4350-9517-44D52A009490}.Debug|x86.ActiveCfg = Debug|Win32
		{C4C28B82-7AA9-4350-9517-44D52A009490}.Debug|x86.Build.0 = Debug|Win32
		{C4C28B82-7AA9-4350-9517-44D52A009490}.Release|x64.ActiveCfg = Release|x64
		{C4C28B82-7AA9-4350-9517-44D52A009490}.Release|x64.Build.0 = Release|x64
		{C4C28B82-7AA9-4350-9517-44D52A009490}.Release|x86.ActiveCfg = Release|Win32
		{C4C28B82-7AA9-4350-9517-44D52A009490}.Release|x86.Build.0 = Release|Win32
	EndGlobalSection
	GlobalSection(SolutionProperties) = preSolution
		HideSolutionNode = FALSE
	EndGlobalSection
	GlobalSection(ExtensibilityGlobals) = postSolution
		SolutionGuid = {5AA6056C-3C49-44D0-AE28-5FD81014E971}
	EndGlobalSection
EndGlobal
