
Microsoft Visual Studio Solution File, Format Version 12.00
# Visual Studio Version 17
VisualStudioVersion = 17.2.32630.192
MinimumVisualStudioVersion = 10.0.40219.1
Project("{8BC9CEB8-8B4A-11D0-8D11-00A0C91BC942}") = "33_Task1_ShopCart", "33_Task1_ShopCart\33_Task1_ShopCart.vcxproj", "{058A8723-D06E-4B23-AC81-FC748542963E}"
EndProject
Global
	GlobalSection(SolutionConfigurationPlatforms) = preSolution
		Debug|x64 = Debug|x64
		Debug|x86 = Debug|x86
		Release|x64 = Release|x64
		Release|x86 = Release|x86
	EndGlobalSection
	GlobalSection(ProjectConfigurationPlatforms) = postSolution
		{058A8723-D06E-4B23-AC81-FC748542963E}.Debug|x64.ActiveCfg = Debug|x64
		{058A8723-D06E-4B23-AC81-FC748542963E}.Debug|x64.Build.0 = Debug|x64
		{058A8723-D06E-4B23-AC81-FC748542963E}.Debug|x86.ActiveCfg = Debug|Win32
		{058A8723-D06E-4B23-AC81-FC748542963E}.Debug|x86.Build.0 = Debug|Win32
		{058A8723-D06E-4B23-AC81-FC748542963E}.Release|x64.ActiveCfg = Release|x64
		{058A8723-D06E-4B23-AC81-FC748542963E}.Release|x64.Build.0 = Release|x64
		{058A8723-D06E-4B23-AC81-FC748542963E}.Release|x86.ActiveCfg = Release|Win32
		{058A8723-D06E-4B23-AC81-FC748542963E}.Release|x86.Build.0 = Release|Win32
	EndGlobalSection
	GlobalSection(SolutionProperties) = preSolution
		HideSolutionNode = FALSE
	EndGlobalSection
	GlobalSection(ExtensibilityGlobals) = postSolution
		SolutionGuid = {6324D0B7-37B3-4281-82C9-C1A820C078A0}
	EndGlobalSection
EndGlobal
