
Microsoft Visual Studio Solution File, Format Version 12.00
# Visual Studio Version 16
VisualStudioVersion = 16.0.30907.101
MinimumVisualStudioVersion = 10.0.40219.1
Project("{8BC9CEB8-8B4A-11D0-8D11-00A0C91BC942}") = "27_Task2-GeoFigure", "27_Task2-GeoFigure\27_Task2-GeoFigure.vcxproj", "{7F8EA4B1-463C-487D-9275-F0C663C449AA}"
EndProject
Global
	GlobalSection(SolutionConfigurationPlatforms) = preSolution
		Debug|x64 = Debug|x64
		Debug|x86 = Debug|x86
		Release|x64 = Release|x64
		Release|x86 = Release|x86
	EndGlobalSection
	GlobalSection(ProjectConfigurationPlatforms) = postSolution
		{7F8EA4B1-463C-487D-9275-F0C663C449AA}.Debug|x64.ActiveCfg = Debug|x64
		{7F8EA4B1-463C-487D-9275-F0C663C449AA}.Debug|x64.Build.0 = Debug|x64
		{7F8EA4B1-463C-487D-9275-F0C663C449AA}.Debug|x86.ActiveCfg = Debug|Win32
		{7F8EA4B1-463C-487D-9275-F0C663C449AA}.Debug|x86.Build.0 = Debug|Win32
		{7F8EA4B1-463C-487D-9275-F0C663C449AA}.Release|x64.ActiveCfg = Release|x64
		{7F8EA4B1-463C-487D-9275-F0C663C449AA}.Release|x64.Build.0 = Release|x64
		{7F8EA4B1-463C-487D-9275-F0C663C449AA}.Release|x86.ActiveCfg = Release|Win32
		{7F8EA4B1-463C-487D-9275-F0C663C449AA}.Release|x86.Build.0 = Release|Win32
	EndGlobalSection
	GlobalSection(SolutionProperties) = preSolution
		HideSolutionNode = FALSE
	EndGlobalSection
	GlobalSection(ExtensibilityGlobals) = postSolution
		SolutionGuid = {03409A35-5913-429B-9936-508AB0DE529C}
	EndGlobalSection
EndGlobal
