
Microsoft Visual Studio Solution File, Format Version 12.00
# Visual Studio Version 17
VisualStudioVersion = 17.3.32922.545
MinimumVisualStudioVersion = 10.0.40219.1
Project("{8BC9CEB8-8B4A-11D0-8D11-00A0C91BC942}") = "UE4_Part1_Task16", "UE4_Part1_Task16.vcxproj", "{A3DEAE61-CA63-4A37-A7A5-6542A210831D}"
EndProject
Global
	GlobalSection(SolutionConfigurationPlatforms) = preSolution
		Debug|x64 = Debug|x64
		Debug|x86 = Debug|x86
		Release|x64 = Release|x64
		Release|x86 = Release|x86
	EndGlobalSection
	GlobalSection(ProjectConfigurationPlatforms) = postSolution
		{A3DEAE61-CA63-4A37-A7A5-6542A210831D}.Debug|x64.ActiveCfg = Debug|x64
		{A3DEAE61-CA63-4A37-A7A5-6542A210831D}.Debug|x64.Build.0 = Debug|x64
		{A3DEAE61-CA63-4A37-A7A5-6542A210831D}.Debug|x86.ActiveCfg = Debug|Win32
		{A3DEAE61-CA63-4A37-A7A5-6542A210831D}.Debug|x86.Build.0 = Debug|Win32
		{A3DEAE61-CA63-4A37-A7A5-6542A210831D}.Release|x64.ActiveCfg = Release|x64
		{A3DEAE61-CA63-4A37-A7A5-6542A210831D}.Release|x64.Build.0 = Release|x64
		{A3DEAE61-CA63-4A37-A7A5-6542A210831D}.Release|x86.ActiveCfg = Release|Win32
		{A3DEAE61-CA63-4A37-A7A5-6542A210831D}.Release|x86.Build.0 = Release|Win32
	EndGlobalSection
	GlobalSection(SolutionProperties) = preSolution
		HideSolutionNode = FALSE
	EndGlobalSection
	GlobalSection(ExtensibilityGlobals) = postSolution
		SolutionGuid = {250F2009-D407-463B-9951-F7EC6FEB5E66}
	EndGlobalSection
EndGlobal
