
Microsoft Visual Studio Solution File, Format Version 12.00
# Visual Studio Version 16
VisualStudioVersion = 16.0.30907.101
MinimumVisualStudioVersion = 10.0.40219.1
Project("{8BC9CEB8-8B4A-11D0-8D11-00A0C91BC942}") = "19_Task3", "19_Task3\19_Task3.vcxproj", "{63B8A448-1BAA-4A77-A54A-A1336606BD1E}"
EndProject
Global
	GlobalSection(SolutionConfigurationPlatforms) = preSolution
		Debug|x64 = Debug|x64
		Debug|x86 = Debug|x86
		Release|x64 = Release|x64
		Release|x86 = Release|x86
	EndGlobalSection
	GlobalSection(ProjectConfigurationPlatforms) = postSolution
		{63B8A448-1BAA-4A77-A54A-A1336606BD1E}.Debug|x64.ActiveCfg = Debug|x64
		{63B8A448-1BAA-4A77-A54A-A1336606BD1E}.Debug|x64.Build.0 = Debug|x64
		{63B8A448-1BAA-4A77-A54A-A1336606BD1E}.Debug|x86.ActiveCfg = Debug|Win32
		{63B8A448-1BAA-4A77-A54A-A1336606BD1E}.Debug|x86.Build.0 = Debug|Win32
		{63B8A448-1BAA-4A77-A54A-A1336606BD1E}.Release|x64.ActiveCfg = Release|x64
		{63B8A448-1BAA-4A77-A54A-A1336606BD1E}.Release|x64.Build.0 = Release|x64
		{63B8A448-1BAA-4A77-A54A-A1336606BD1E}.Release|x86.ActiveCfg = Release|Win32
		{63B8A448-1BAA-4A77-A54A-A1336606BD1E}.Release|x86.Build.0 = Release|Win32
	EndGlobalSection
	GlobalSection(SolutionProperties) = preSolution
		HideSolutionNode = FALSE
	EndGlobalSection
	GlobalSection(ExtensibilityGlobals) = postSolution
		SolutionGuid = {A76ED5F0-5E2F-4DE1-884D-F5B7C4E5FE48}
	EndGlobalSection
EndGlobal
