
Microsoft Visual Studio Solution File, Format Version 12.00
# Visual Studio Version 17
VisualStudioVersion = 17.2.32630.192
MinimumVisualStudioVersion = 10.0.40219.1
Project("{8BC9CEB8-8B4A-11D0-8D11-00A0C91BC942}") = "33_Task4_Arithmetic", "33_Task4_Arithmetic\33_Task4_Arithmetic.vcxproj", "{293826C1-06FE-4E10-8AB9-B4F2DC381C96}"
EndProject
Global
	GlobalSection(SolutionConfigurationPlatforms) = preSolution
		Debug|x64 = Debug|x64
		Debug|x86 = Debug|x86
		Release|x64 = Release|x64
		Release|x86 = Release|x86
	EndGlobalSection
	GlobalSection(ProjectConfigurationPlatforms) = postSolution
		{293826C1-06FE-4E10-8AB9-B4F2DC381C96}.Debug|x64.ActiveCfg = Debug|x64
		{293826C1-06FE-4E10-8AB9-B4F2DC381C96}.Debug|x64.Build.0 = Debug|x64
		{293826C1-06FE-4E10-8AB9-B4F2DC381C96}.Debug|x86.ActiveCfg = Debug|Win32
		{293826C1-06FE-4E10-8AB9-B4F2DC381C96}.Debug|x86.Build.0 = Debug|Win32
		{293826C1-06FE-4E10-8AB9-B4F2DC381C96}.Release|x64.ActiveCfg = Release|x64
		{293826C1-06FE-4E10-8AB9-B4F2DC381C96}.Release|x64.Build.0 = Release|x64
		{293826C1-06FE-4E10-8AB9-B4F2DC381C96}.Release|x86.ActiveCfg = Release|Win32
		{293826C1-06FE-4E10-8AB9-B4F2DC381C96}.Release|x86.Build.0 = Release|Win32
	EndGlobalSection
	GlobalSection(SolutionProperties) = preSolution
		HideSolutionNode = FALSE
	EndGlobalSection
	GlobalSection(ExtensibilityGlobals) = postSolution
		SolutionGuid = {AE4249E0-F891-41E0-9C6B-BB80B09511D4}
	EndGlobalSection
EndGlobal
