
Microsoft Visual Studio Solution File, Format Version 12.00
# Visual Studio Version 16
VisualStudioVersion = 16.0.30907.101
MinimumVisualStudioVersion = 10.0.40219.1
Project("{8BC9CEB8-8B4A-11D0-8D11-00A0C91BC942}") = "17_Task 9 Sea Battle", "17_Task 9 Sea Battle\17_Task 9 Sea Battle.vcxproj", "{7D296E3D-FF57-448B-AF47-193AA6413526}"
EndProject
Global
	GlobalSection(SolutionConfigurationPlatforms) = preSolution
		Debug|x64 = Debug|x64
		Debug|x86 = Debug|x86
		Release|x64 = Release|x64
		Release|x86 = Release|x86
	EndGlobalSection
	GlobalSection(ProjectConfigurationPlatforms) = postSolution
		{7D296E3D-FF57-448B-AF47-193AA6413526}.Debug|x64.ActiveCfg = Debug|x64
		{7D296E3D-FF57-448B-AF47-193AA6413526}.Debug|x64.Build.0 = Debug|x64
		{7D296E3D-FF57-448B-AF47-193AA6413526}.Debug|x86.ActiveCfg = Debug|Win32
		{7D296E3D-FF57-448B-AF47-193AA6413526}.Debug|x86.Build.0 = Debug|Win32
		{7D296E3D-FF57-448B-AF47-193AA6413526}.Release|x64.ActiveCfg = Release|x64
		{7D296E3D-FF57-448B-AF47-193AA6413526}.Release|x64.Build.0 = Release|x64
		{7D296E3D-FF57-448B-AF47-193AA6413526}.Release|x86.ActiveCfg = Release|Win32
		{7D296E3D-FF57-448B-AF47-193AA6413526}.Release|x86.Build.0 = Release|Win32
	EndGlobalSection
	GlobalSection(SolutionProperties) = preSolution
		HideSolutionNode = FALSE
	EndGlobalSection
	GlobalSection(ExtensibilityGlobals) = postSolution
		SolutionGuid = {05C6F30E-8FC2-4660-B229-E73A353B7D74}
	EndGlobalSection
EndGlobal
